
Microsoft Visual Studio Solution File, Format Version 12.00
# Visual Studio Version 17
VisualStudioVersion = 17.14.36221.1 d17.14
MinimumVisualStudioVersion = 10.0.40219.1
Project("{8BC9CEB8-8B4A-11D0-8D11-00A0C91BC942}") = "JLogger", "JLogger\JLogger.vcxproj", "{AB07B079-AC4F-4BED-91E8-ECFD666AC97A}"
EndProject
Global
	GlobalSection(SolutionConfigurationPlatforms) = preSolution
		Debug|x64 = Debug|x64
		Debug|x86 = Debug|x86
		Release|x64 = Release|x64
		Release|x86 = Release|x86
	EndGlobalSection
	GlobalSection(ProjectConfigurationPlatforms) = postSolution
		{AB07B079-AC4F-4BED-91E8-ECFD666AC97A}.Debug|x64.ActiveCfg = Debug|x64
		{AB07B079-AC4F-4BED-91E8-ECFD666AC97A}.Debug|x64.Build.0 = Debug|x64
		{AB07B079-AC4F-4BED-91E8-ECFD666AC97A}.Debug|x86.ActiveCfg = Debug|Win32
		{AB07B079-AC4F-4BED-91E8-ECFD666AC97A}.Debug|x86.Build.0 = Debug|Win32
		{AB07B079-AC4F-4BED-91E8-ECFD666AC97A}.Release|x64.ActiveCfg = Release|x64
		{AB07B079-AC4F-4BED-91E8-ECFD666AC97A}.Release|x64.Build.0 = Release|x64
		{AB07B079-AC4F-4BED-91E8-ECFD666AC97A}.Release|x86.ActiveCfg = Release|Win32
		{AB07B079-AC4F-4BED-91E8-ECFD666AC97A}.Release|x86.Build.0 = Release|Win32
	EndGlobalSection
	GlobalSection(SolutionProperties) = preSolution
		HideSolutionNode = FALSE
	EndGlobalSection
	GlobalSection(ExtensibilityGlobals) = postSolution
		SolutionGuid = {6977CB75-FAE7-433D-A387-1891AF33EAD5}
	EndGlobalSection
EndGlobal
